
Microsoft Visual Studio Solution File, Format Version 12.00
# Visual Studio Version 16
VisualStudioVersion = 16.0.31129.286
MinimumVisualStudioVersion = 10.0.40219.1
Project("{9A19103F-16F7-4668-BE54-9A1E7A4F7556}") = "PartWebApp2", "PartWebApp2\PartWebApp2.csproj", "{319A9A88-03A0-49AF-9789-3F0018792B42}"
EndProject
Global
	GlobalSection(SolutionConfigurationPlatforms) = preSolution
		Debug|Any CPU = Debug|Any CPU
		Release|Any CPU = Release|Any CPU
	EndGlobalSection
	GlobalSection(ProjectConfigurationPlatforms) = postSolution
		{319A9A88-03A0-49AF-9789-3F0018792B42}.Debug|Any CPU.ActiveCfg = Debug|Any CPU
		{319A9A88-03A0-49AF-9789-3F0018792B42}.Debug|Any CPU.Build.0 = Debug|Any CPU
		{319A9A88-03A0-49AF-9789-3F0018792B42}.Release|Any CPU.ActiveCfg = Release|Any CPU
		{319A9A88-03A0-49AF-9789-3F0018792B42}.Release|Any CPU.Build.0 = Release|Any CPU
	EndGlobalSection
	GlobalSection(SolutionProperties) = preSolution
		HideSolutionNode = FALSE
	EndGlobalSection
	GlobalSection(ExtensibilityGlobals) = postSolution
		SolutionGuid = {88A2070D-17DD-450D-8E37-4DF16A82BB62}
	EndGlobalSection
EndGlobal
